// !$*UTF8*$!
{
	archiveVersion = 1;
	classes = {
	};
	objectVersion = 46;
	objects = {

/* Begin PBXBuildFile section */
		8AA8BDA5149CA7E400132C6B /* UIKit.framework in Frameworks */ = {isa = PBXBuildFile; fileRef = 8AA8BDA4149CA7E400132C6B /* UIKit.framework */; };
		8AA8BDA7149CA7E400132C6B /* Foundation.framework in Frameworks */ = {isa = PBXBuildFile; fileRef = 8AA8BDA6149CA7E400132C6B /* Foundation.framework */; };
		8AA8BDA9149CA7E400132C6B /* CoreGraphics.framework in Frameworks */ = {isa = PBXBuildFile; fileRef = 8AA8BDA8149CA7E400132C6B /* CoreGraphics.framework */; };
		8AA8BDBD149CA7E500132C6B /* SenTestingKit.framework in Frameworks */ = {isa = PBXBuildFile; fileRef = 8AA8BDBC149CA7E500132C6B /* SenTestingKit.framework */; };
		8AA8BDBE149CA7E500132C6B /* UIKit.framework in Frameworks */ = {isa = PBXBuildFile; fileRef = 8AA8BDA4149CA7E400132C6B /* UIKit.framework */; };
		8AA8BDBF149CA7E500132C6B /* Foundation.framework in Frameworks */ = {isa = PBXBuildFile; fileRef = 8AA8BDA6149CA7E400132C6B /* Foundation.framework */; };
		8AA8BDE0149CA9A900132C6B /* TFHpple.m in Sources */ = {isa = PBXBuildFile; fileRef = 8AA8BDDD149CA9A900132C6B /* TFHpple.m */; };
		8AA8BDE1149CA9A900132C6B /* TFHppleElement.m in Sources */ = {isa = PBXBuildFile; fileRef = 8AA8BDDF149CA9A900132C6B /* TFHppleElement.m */; };
		8AA8BDE5149CA9BE00132C6B /* XPathQuery.m in Sources */ = {isa = PBXBuildFile; fileRef = 8AA8BDE4149CA9BE00132C6B /* XPathQuery.m */; };
		8AA8BDE9149CA9FE00132C6B /* HppleAppDelegate.m in Sources */ = {isa = PBXBuildFile; fileRef = 8AA8BDE8149CA9FE00132C6B /* HppleAppDelegate.m */; };
		8AA8BDED149CAA5900132C6B /* MainWindow.xib in Resources */ = {isa = PBXBuildFile; fileRef = 8AA8BDEC149CAA5900132C6B /* MainWindow.xib */; };
		8AA8BDFE149CAD8600132C6B /* main.m in Sources */ = {isa = PBXBuildFile; fileRef = 8AA8BDFD149CAD8600132C6B /* main.m */; };
		8AA8BE00149CADA900132C6B /* libxml2.dylib in Frameworks */ = {isa = PBXBuildFile; fileRef = 8AA8BDFF149CADA900132C6B /* libxml2.dylib */; };
		8AA8BE0E149CB03C00132C6B /* TFHppleHTMLTest.m in Sources */ = {isa = PBXBuildFile; fileRef = 8AA8BDF8149CAB4E00132C6B /* TFHppleHTMLTest.m */; };
		8AA8BE0F149CB03C00132C6B /* TFHppleXMLTest.m in Sources */ = {isa = PBXBuildFile; fileRef = 8AA8BDF9149CAB4E00132C6B /* TFHppleXMLTest.m */; };
		8AA8BE16149CB04A00132C6B /* libxml2.dylib in Frameworks */ = {isa = PBXBuildFile; fileRef = 8AA8BDFF149CADA900132C6B /* libxml2.dylib */; };
		8AA8BE1E149CB49300132C6B /* InfoPlist.strings in Resources */ = {isa = PBXBuildFile; fileRef = 8AA8BE1C149CB49300132C6B /* InfoPlist.strings */; };
		8AA8BE22149CB53300132C6B /* InfoPlist.strings in Resources */ = {isa = PBXBuildFile; fileRef = 8AA8BE20149CB53300132C6B /* InfoPlist.strings */; };
		8AA8BE2D149CB8DF00132C6B /* feed.rss in Resources */ = {isa = PBXBuildFile; fileRef = 8AA8BE2B149CB8DF00132C6B /* feed.rss */; };
		8AA8BE2E149CB8DF00132C6B /* index.html in Resources */ = {isa = PBXBuildFile; fileRef = 8AA8BE2C149CB8DF00132C6B /* index.html */; };
/* End PBXBuildFile section */

/* Begin PBXContainerItemProxy section */
		8AA8BDC0149CA7E500132C6B /* PBXContainerItemProxy */ = {
			isa = PBXContainerItemProxy;
			containerPortal = 8AA8BD97149CA7E400132C6B /* Project object */;
			proxyType = 1;
			remoteGlobalIDString = 8AA8BD9F149CA7E400132C6B;
			remoteInfo = Hpple;
		};
/* End PBXContainerItemProxy section */

/* Begin PBXFileReference section */
		8AA8BDA0149CA7E400132C6B /* Hpple.app */ = {isa = PBXFileReference; explicitFileType = wrapper.application; includeInIndex = 0; path = Hpple.app; sourceTree = BUILT_PRODUCTS_DIR; };
		8AA8BDA4149CA7E400132C6B /* UIKit.framework */ = {isa = PBXFileReference; lastKnownFileType = wrapper.framework; name = UIKit.framework; path = System/Library/Frameworks/UIKit.framework; sourceTree = SDKROOT; };
		8AA8BDA6149CA7E400132C6B /* Foundation.framework */ = {isa = PBXFileReference; lastKnownFileType = wrapper.framework; name = Foundation.framework; path = System/Library/Frameworks/Foundation.framework; sourceTree = SDKROOT; };
		8AA8BDA8149CA7E400132C6B /* CoreGraphics.framework */ = {isa = PBXFileReference; lastKnownFileType = wrapper.framework; name = CoreGraphics.framework; path = System/Library/Frameworks/CoreGraphics.framework; sourceTree = SDKROOT; };
		8AA8BDBB149CA7E500132C6B /* HppleTests.octest */ = {isa = PBXFileReference; explicitFileType = wrapper.cfbundle; includeInIndex = 0; path = HppleTests.octest; sourceTree = BUILT_PRODUCTS_DIR; };
		8AA8BDBC149CA7E500132C6B /* SenTestingKit.framework */ = {isa = PBXFileReference; lastKnownFileType = wrapper.framework; name = SenTestingKit.framework; path = Library/Frameworks/SenTestingKit.framework; sourceTree = DEVELOPER_DIR; };
		8AA8BDD9149CA90200132C6B /* Hpple_Prefix.pch */ = {isa = PBXFileReference; fileEncoding = 4; lastKnownFileType = sourcecode.c.h; path = Hpple_Prefix.pch; sourceTree = SOURCE_ROOT; };
		8AA8BDDA149CA90200132C6B /* Info.plist */ = {isa = PBXFileReference; fileEncoding = 4; lastKnownFileType = text.plist.xml; name = Info.plist; path = App/Info.plist; sourceTree = SOURCE_ROOT; };
		8AA8BDDC149CA9A900132C6B /* TFHpple.h */ = {isa = PBXFileReference; fileEncoding = 4; lastKnownFileType = sourcecode.c.h; name = TFHpple.h; path = Hpple/TFHpple.h; sourceTree = SOURCE_ROOT; };
		8AA8BDDD149CA9A900132C6B /* TFHpple.m */ = {isa = PBXFileReference; fileEncoding = 4; lastKnownFileType = sourcecode.c.objc; name = TFHpple.m; path = Hpple/TFHpple.m; sourceTree = SOURCE_ROOT; };
		8AA8BDDE149CA9A900132C6B /* TFHppleElement.h */ = {isa = PBXFileReference; fileEncoding = 4; lastKnownFileType = sourcecode.c.h; name = TFHppleElement.h; path = Hpple/TFHppleElement.h; sourceTree = SOURCE_ROOT; };
		8AA8BDDF149CA9A900132C6B /* TFHppleElement.m */ = {isa = PBXFileReference; fileEncoding = 4; lastKnownFileType = sourcecode.c.objc; name = TFHppleElement.m; path = Hpple/TFHppleElement.m; sourceTree = SOURCE_ROOT; };
		8AA8BDE3149CA9BE00132C6B /* XPathQuery.h */ = {isa = PBXFileReference; fileEncoding = 4; lastKnownFileType = sourcecode.c.h; name = XPathQuery.h; path = Hpple/XPath/XPathQuery.h; sourceTree = SOURCE_ROOT; };
		8AA8BDE4149CA9BE00132C6B /* XPathQuery.m */ = {isa = PBXFileReference; fileEncoding = 4; lastKnownFileType = sourcecode.c.objc; name = XPathQuery.m; path = Hpple/XPath/XPathQuery.m; sourceTree = SOURCE_ROOT; };
		8AA8BDE7149CA9FE00132C6B /* HppleAppDelegate.h */ = {isa = PBXFileReference; fileEncoding = 4; lastKnownFileType = sourcecode.c.h; name = HppleAppDelegate.h; path = App/HppleAppDelegate.h; sourceTree = SOURCE_ROOT; };
		8AA8BDE8149CA9FE00132C6B /* HppleAppDelegate.m */ = {isa = PBXFileReference; fileEncoding = 4; lastKnownFileType = sourcecode.c.objc; name = HppleAppDelegate.m; path = App/HppleAppDelegate.m; sourceTree = SOURCE_ROOT; };
		8AA8BDEC149CAA5900132C6B /* MainWindow.xib */ = {isa = PBXFileReference; fileEncoding = 4; lastKnownFileType = file.xib; name = MainWindow.xib; path = App/en.lproj/MainWindow.xib; sourceTree = SOURCE_ROOT; };
		8AA8BDF8149CAB4E00132C6B /* TFHppleHTMLTest.m */ = {isa = PBXFileReference; fileEncoding = 4; lastKnownFileType = sourcecode.c.objc; name = TFHppleHTMLTest.m; path = HppleTests/TFHppleHTMLTest.m; sourceTree = SOURCE_ROOT; };
		8AA8BDF9149CAB4E00132C6B /* TFHppleXMLTest.m */ = {isa = PBXFileReference; fileEncoding = 4; lastKnownFileType = sourcecode.c.objc; name = TFHppleXMLTest.m; path = HppleTests/TFHppleXMLTest.m; sourceTree = SOURCE_ROOT; };
		8AA8BDFD149CAD8600132C6B /* main.m */ = {isa = PBXFileReference; fileEncoding = 4; lastKnownFileType = sourcecode.c.objc; name = main.m; path = App/main.m; sourceTree = SOURCE_ROOT; };
		8AA8BDFF149CADA900132C6B /* libxml2.dylib */ = {isa = PBXFileReference; lastKnownFileType = "compiled.mach-o.dylib"; name = libxml2.dylib; path = usr/lib/libxml2.dylib; sourceTree = SDKROOT; };
		8AA8BE1D149CB49300132C6B /* en */ = {isa = PBXFileReference; lastKnownFileType = text.plist.strings; name = en; path = App/en.lproj/InfoPlist.strings; sourceTree = SOURCE_ROOT; };
		8AA8BE21149CB53300132C6B /* en */ = {isa = PBXFileReference; lastKnownFileType = text.plist.strings; name = en; path = en.lproj/InfoPlist.strings; sourceTree = "<group>"; };
		8AA8BE23149CB53B00132C6B /* Info.plist */ = {isa = PBXFileReference; fileEncoding = 4; lastKnownFileType = text.plist.xml; path = Info.plist; sourceTree = "<group>"; };
		8AA8BE2B149CB8DF00132C6B /* feed.rss */ = {isa = PBXFileReference; fileEncoding = 4; lastKnownFileType = text.xml; path = feed.rss; sourceTree = "<group>"; };
		8AA8BE2C149CB8DF00132C6B /* index.html */ = {isa = PBXFileReference; fileEncoding = 4; lastKnownFileType = text.html; path = index.html; sourceTree = "<group>"; };
/* End PBXFileReference section */

/* Begin PBXFrameworksBuildPhase section */
		8AA8BD9D149CA7E400132C6B /* Frameworks */ = {
			isa = PBXFrameworksBuildPhase;
			buildActionMask = 2147483647;
			files = (
				8AA8BE00149CADA900132C6B /* libxml2.dylib in Frameworks */,
				8AA8BDA5149CA7E400132C6B /* UIKit.framework in Frameworks */,
				8AA8BDA7149CA7E400132C6B /* Foundation.framework in Frameworks */,
				8AA8BDA9149CA7E400132C6B /* CoreGraphics.framework in Frameworks */,
			);
			runOnlyForDeploymentPostprocessing = 0;
		};
		8AA8BDB7149CA7E500132C6B /* Frameworks */ = {
			isa = PBXFrameworksBuildPhase;
			buildActionMask = 2147483647;
			files = (
				8AA8BE16149CB04A00132C6B /* libxml2.dylib in Frameworks */,
				8AA8BDBD149CA7E500132C6B /* SenTestingKit.framework in Frameworks */,
				8AA8BDBE149CA7E500132C6B /* UIKit.framework in Frameworks */,
				8AA8BDBF149CA7E500132C6B /* Foundation.framework in Frameworks */,
			);
			runOnlyForDeploymentPostprocessing = 0;
		};
/* End PBXFrameworksBuildPhase section */

/* Begin PBXGroup section */
		8AA8BD95149CA7E400132C6B = {
			isa = PBXGroup;
			children = (
				8AA8BDAA149CA7E400132C6B /* Hpple */,
				8AA8BDAB149CA7E400132C6B /* App */,
				8AA8BDC2149CA7E500132C6B /* HppleTests */,
				8AA8BDA3149CA7E400132C6B /* Frameworks */,
				8AA8BDA1149CA7E400132C6B /* Products */,
			);
			sourceTree = "<group>";
		};
		8AA8BDA1149CA7E400132C6B /* Products */ = {
			isa = PBXGroup;
			children = (
				8AA8BDA0149CA7E400132C6B /* Hpple.app */,
				8AA8BDBB149CA7E500132C6B /* HppleTests.octest */,
			);
			name = Products;
			sourceTree = "<group>";
		};
		8AA8BDA3149CA7E400132C6B /* Frameworks */ = {
			isa = PBXGroup;
			children = (
				8AA8BDFF149CADA900132C6B /* libxml2.dylib */,
				8AA8BDA4149CA7E400132C6B /* UIKit.framework */,
				8AA8BDA6149CA7E400132C6B /* Foundation.framework */,
				8AA8BDA8149CA7E400132C6B /* CoreGraphics.framework */,
				8AA8BDBC149CA7E500132C6B /* SenTestingKit.framework */,
			);
			name = Frameworks;
			sourceTree = "<group>";
		};
		8AA8BDAA149CA7E400132C6B /* Hpple */ = {
			isa = PBXGroup;
			children = (
				8AA8BDE2149CA9B000132C6B /* XPath */,
				8AA8BDDC149CA9A900132C6B /* TFHpple.h */,
				8AA8BDDD149CA9A900132C6B /* TFHpple.m */,
				8AA8BDDE149CA9A900132C6B /* TFHppleElement.h */,
				8AA8BDDF149CA9A900132C6B /* TFHppleElement.m */,
			);
			path = Hpple;
			sourceTree = "<group>";
		};
		8AA8BDAB149CA7E400132C6B /* App */ = {
			isa = PBXGroup;
			children = (
				8AA8BDE7149CA9FE00132C6B /* HppleAppDelegate.h */,
				8AA8BDE8149CA9FE00132C6B /* HppleAppDelegate.m */,
				8AA8BDEC149CAA5900132C6B /* MainWindow.xib */,
				8AA8BDE6149CA9E100132C6B /* Supporting Files */,
			);
			name = App;
			path = Hpple;
			sourceTree = "<group>";
		};
		8AA8BDC2149CA7E500132C6B /* HppleTests */ = {
			isa = PBXGroup;
			children = (
				8AA8BDF8149CAB4E00132C6B /* TFHppleHTMLTest.m */,
				8AA8BDF9149CAB4E00132C6B /* TFHppleXMLTest.m */,
				8AA8BE2A149CB8DF00132C6B /* TestData */,
				8AA8BE1F149CB52100132C6B /* Supporting Files */,
			);
			path = HppleTests;
			sourceTree = "<group>";
		};
		8AA8BDE2149CA9B000132C6B /* XPath */ = {
			isa = PBXGroup;
			children = (
				8AA8BDE3149CA9BE00132C6B /* XPathQuery.h */,
				8AA8BDE4149CA9BE00132C6B /* XPathQuery.m */,
			);
			name = XPath;
			sourceTree = "<group>";
		};
		8AA8BDE6149CA9E100132C6B /* Supporting Files */ = {
			isa = PBXGroup;
			children = (
				8AA8BDDA149CA90200132C6B /* Info.plist */,
				8AA8BE1C149CB49300132C6B /* InfoPlist.strings */,
				8AA8BDFD149CAD8600132C6B /* main.m */,
				8AA8BDD9149CA90200132C6B /* Hpple_Prefix.pch */,
			);
			name = "Supporting Files";
			sourceTree = "<group>";
		};
		8AA8BE1F149CB52100132C6B /* Supporting Files */ = {
			isa = PBXGroup;
			children = (
				8AA8BE23149CB53B00132C6B /* Info.plist */,
				8AA8BE20149CB53300132C6B /* InfoPlist.strings */,
			);
			name = "Supporting Files";
			sourceTree = "<group>";
		};
		8AA8BE2A149CB8DF00132C6B /* TestData */ = {
			isa = PBXGroup;
			children = (
				8AA8BE2B149CB8DF00132C6B /* feed.rss */,
				8AA8BE2C149CB8DF00132C6B /* index.html */,
			);
			path = TestData;
			sourceTree = "<group>";
		};
/* End PBXGroup section */

/* Begin PBXNativeTarget section */
		8AA8BD9F149CA7E400132C6B /* Hpple */ = {
			isa = PBXNativeTarget;
			buildConfigurationList = 8AA8BDCD149CA7E500132C6B /* Build configuration list for PBXNativeTarget "Hpple" */;
			buildPhases = (
				8AA8BD9C149CA7E400132C6B /* Sources */,
				8AA8BD9D149CA7E400132C6B /* Frameworks */,
				8AA8BD9E149CA7E400132C6B /* Resources */,
			);
			buildRules = (
			);
			dependencies = (
			);
			name = Hpple;
			productName = Hpple;
			productReference = 8AA8BDA0149CA7E400132C6B /* Hpple.app */;
			productType = "com.apple.product-type.application";
		};
		8AA8BDBA149CA7E500132C6B /* HppleTests */ = {
			isa = PBXNativeTarget;
			buildConfigurationList = 8AA8BDD0149CA7E500132C6B /* Build configuration list for PBXNativeTarget "HppleTests" */;
			buildPhases = (
				8AA8BDB6149CA7E500132C6B /* Sources */,
				8AA8BDB7149CA7E500132C6B /* Frameworks */,
				8AA8BDB8149CA7E500132C6B /* Resources */,
				8AA8BDB9149CA7E500132C6B /* ShellScript */,
			);
			buildRules = (
			);
			dependencies = (
				8AA8BDC1149CA7E500132C6B /* PBXTargetDependency */,
			);
			name = HppleTests;
			productName = HppleTests;
			productReference = 8AA8BDBB149CA7E500132C6B /* HppleTests.octest */;
			productType = "com.apple.product-type.bundle";
		};
/* End PBXNativeTarget section */

/* Begin PBXProject section */
		8AA8BD97149CA7E400132C6B /* Project object */ = {
			isa = PBXProject;
			attributes = {
				LastUpgradeCheck = 0420;
			};
			buildConfigurationList = 8AA8BD9A149CA7E400132C6B /* Build configuration list for PBXProject "Hpple" */;
			compatibilityVersion = "Xcode 3.2";
			developmentRegion = English;
			hasScannedForEncodings = 0;
			knownRegions = (
				en,
			);
			mainGroup = 8AA8BD95149CA7E400132C6B;
			productRefGroup = 8AA8BDA1149CA7E400132C6B /* Products */;
			projectDirPath = "";
			projectRoot = "";
			targets = (
				8AA8BD9F149CA7E400132C6B /* Hpple */,
				8AA8BDBA149CA7E500132C6B /* HppleTests */,
			);
		};
/* End PBXProject section */

/* Begin PBXResourcesBuildPhase section */
		8AA8BD9E149CA7E400132C6B /* Resources */ = {
			isa = PBXResourcesBuildPhase;
			buildActionMask = 2147483647;
			files = (
				8AA8BDED149CAA5900132C6B /* MainWindow.xib in Resources */,
				8AA8BE1E149CB49300132C6B /* InfoPlist.strings in Resources */,
			);
			runOnlyForDeploymentPostprocessing = 0;
		};
		8AA8BDB8149CA7E500132C6B /* Resources */ = {
			isa = PBXResourcesBuildPhase;
			buildActionMask = 2147483647;
			files = (
				8AA8BE22149CB53300132C6B /* InfoPlist.strings in Resources */,
				8AA8BE2D149CB8DF00132C6B /* feed.rss in Resources */,
				8AA8BE2E149CB8DF00132C6B /* index.html in Resources */,
			);
			runOnlyForDeploymentPostprocessing = 0;
		};
/* End PBXResourcesBuildPhase section */

/* Begin PBXShellScriptBuildPhase section */
		8AA8BDB9149CA7E500132C6B /* ShellScript */ = {
			isa = PBXShellScriptBuildPhase;
			buildActionMask = 2147483647;
			files = (
			);
			inputPaths = (
			);
			outputPaths = (
			);
			runOnlyForDeploymentPostprocessing = 0;
			shellPath = /bin/sh;
			shellScript = "# Run the unit tests in this test bundle.\n\"${SYSTEM_DEVELOPER_DIR}/Tools/RunUnitTests\"\n";
		};
/* End PBXShellScriptBuildPhase section */

/* Begin PBXSourcesBuildPhase section */
		8AA8BD9C149CA7E400132C6B /* Sources */ = {
			isa = PBXSourcesBuildPhase;
			buildActionMask = 2147483647;
			files = (
				8AA8BDFE149CAD8600132C6B /* main.m in Sources */,
				8AA8BDE9149CA9FE00132C6B /* HppleAppDelegate.m in Sources */,
				8AA8BDE0149CA9A900132C6B /* TFHpple.m in Sources */,
				8AA8BDE1149CA9A900132C6B /* TFHppleElement.m in Sources */,
				8AA8BDE5149CA9BE00132C6B /* XPathQuery.m in Sources */,
			);
			runOnlyForDeploymentPostprocessing = 0;
		};
		8AA8BDB6149CA7E500132C6B /* Sources */ = {
			isa = PBXSourcesBuildPhase;
			buildActionMask = 2147483647;
			files = (
				8AA8BE0E149CB03C00132C6B /* TFHppleHTMLTest.m in Sources */,
				8AA8BE0F149CB03C00132C6B /* TFHppleXMLTest.m in Sources */,
			);
			runOnlyForDeploymentPostprocessing = 0;
		};
/* End PBXSourcesBuildPhase section */

/* Begin PBXTargetDependency section */
		8AA8BDC1149CA7E500132C6B /* PBXTargetDependency */ = {
			isa = PBXTargetDependency;
			target = 8AA8BD9F149CA7E400132C6B /* Hpple */;
			targetProxy = 8AA8BDC0149CA7E500132C6B /* PBXContainerItemProxy */;
		};
/* End PBXTargetDependency section */

/* Begin PBXVariantGroup section */
		8AA8BE1C149CB49300132C6B /* InfoPlist.strings */ = {
			isa = PBXVariantGroup;
			children = (
				8AA8BE1D149CB49300132C6B /* en */,
			);
			name = InfoPlist.strings;
			sourceTree = "<group>";
		};
		8AA8BE20149CB53300132C6B /* InfoPlist.strings */ = {
			isa = PBXVariantGroup;
			children = (
				8AA8BE21149CB53300132C6B /* en */,
			);
			name = InfoPlist.strings;
			sourceTree = "<group>";
		};
/* End PBXVariantGroup section */

/* Begin XCBuildConfiguration section */
		8AA8BDCB149CA7E500132C6B /* Debug */ = {
			isa = XCBuildConfiguration;
			buildSettings = {
				ALWAYS_SEARCH_USER_PATHS = NO;
				ARCHS = "$(ARCHS_STANDARD_32_BIT)";
				"CODE_SIGN_IDENTITY[sdk=iphoneos*]" = "iPhone Developer";
				COPY_PHASE_STRIP = NO;
				GCC_C_LANGUAGE_STANDARD = gnu99;
				GCC_DYNAMIC_NO_PIC = NO;
				GCC_OPTIMIZATION_LEVEL = 0;
				GCC_PREPROCESSOR_DEFINITIONS = (
					"DEBUG=1",
					"$(inherited)",
				);
				GCC_SYMBOLS_PRIVATE_EXTERN = NO;
				GCC_VERSION = com.apple.compilers.llvm.clang.1_0;
				GCC_WARN_ABOUT_MISSING_PROTOTYPES = YES;
				GCC_WARN_ABOUT_RETURN_TYPE = YES;
				GCC_WARN_UNUSED_VARIABLE = YES;
				IPHONEOS_DEPLOYMENT_TARGET = 5.0;
				SDKROOT = iphoneos;
			};
			name = Debug;
		};
		8AA8BDCC149CA7E500132C6B /* Release */ = {
			isa = XCBuildConfiguration;
			buildSettings = {
				ALWAYS_SEARCH_USER_PATHS = NO;
				ARCHS = "$(ARCHS_STANDARD_32_BIT)";
				"CODE_SIGN_IDENTITY[sdk=iphoneos*]" = "iPhone Developer";
				COPY_PHASE_STRIP = YES;
				GCC_C_LANGUAGE_STANDARD = gnu99;
				GCC_VERSION = com.apple.compilers.llvm.clang.1_0;
				GCC_WARN_ABOUT_MISSING_PROTOTYPES = YES;
				GCC_WARN_ABOUT_RETURN_TYPE = YES;
				GCC_WARN_UNUSED_VARIABLE = YES;
				IPHONEOS_DEPLOYMENT_TARGET = 5.0;
				OTHER_CFLAGS = "-DNS_BLOCK_ASSERTIONS=1";
				SDKROOT = iphoneos;
				VALIDATE_PRODUCT = YES;
			};
			name = Release;
		};
		8AA8BDCE149CA7E500132C6B /* Debug */ = {
			isa = XCBuildConfiguration;
			buildSettings = {
				GCC_PRECOMPILE_PREFIX_HEADER = YES;
				GCC_PREFIX_HEADER = Hpple_Prefix.pch;
				HEADER_SEARCH_PATHS = "${SDKROOT}/usr/include/libxml2";
				INFOPLIST_FILE = App/Info.plist;
				PRODUCT_NAME = "$(TARGET_NAME)";
				WRAPPER_EXTENSION = app;
			};
			name = Debug;
		};
		8AA8BDCF149CA7E500132C6B /* Release */ = {
			isa = XCBuildConfiguration;
			buildSettings = {
				GCC_PRECOMPILE_PREFIX_HEADER = YES;
				GCC_PREFIX_HEADER = Hpple_Prefix.pch;
				HEADER_SEARCH_PATHS = "${SDKROOT}/usr/include/libxml2";
				INFOPLIST_FILE = App/Info.plist;
				PRODUCT_NAME = "$(TARGET_NAME)";
				WRAPPER_EXTENSION = app;
			};
			name = Release;
		};
		8AA8BDD1149CA7E500132C6B /* Debug */ = {
			isa = XCBuildConfiguration;
			buildSettings = {
				BUNDLE_LOADER = "$(BUILT_PRODUCTS_DIR)/Hpple.app/Hpple";
				FRAMEWORK_SEARCH_PATHS = (
					"$(SDKROOT)/Developer/Library/Frameworks",
					"$(DEVELOPER_LIBRARY_DIR)/Frameworks",
				);
				GCC_PRECOMPILE_PREFIX_HEADER = YES;
				GCC_PREFIX_HEADER = Hpple_Prefix.pch;
				INFOPLIST_FILE = HppleTests/Info.plist;
				PRODUCT_NAME = "$(TARGET_NAME)";
				TEST_HOST = "$(BUNDLE_LOADER)";
				WRAPPER_EXTENSION = octest;
			};
			name = Debug;
		};
		8AA8BDD2149CA7E500132C6B /* Release */ = {
			isa = XCBuildConfiguration;
			buildSettings = {
				BUNDLE_LOADER = "$(BUILT_PRODUCTS_DIR)/Hpple.app/Hpple";
				FRAMEWORK_SEARCH_PATHS = (
					"$(SDKROOT)/Developer/Library/Frameworks",
					"$(DEVELOPER_LIBRARY_DIR)/Frameworks",
				);
				GCC_PRECOMPILE_PREFIX_HEADER = YES;
				GCC_PREFIX_HEADER = Hpple_Prefix.pch;
				INFOPLIST_FILE = HppleTests/Info.plist;
				PRODUCT_NAME = "$(TARGET_NAME)";
				TEST_HOST = "$(BUNDLE_LOADER)";
				WRAPPER_EXTENSION = octest;
			};
			name = Release;
		};
/* End XCBuildConfiguration section */

/* Begin XCConfigurationList section */
		8AA8BD9A149CA7E400132C6B /* Build configuration list for PBXProject "Hpple" */ = {
			isa = XCConfigurationList;
			buildConfigurations = (
				8AA8BDCB149CA7E500132C6B /* Debug */,
				8AA8BDCC149CA7E500132C6B /* Release */,
			);
			defaultConfigurationIsVisible = 0;
			defaultConfigurationName = Release;
		};
		8AA8BDCD149CA7E500132C6B /* Build configuration list for PBXNativeTarget "Hpple" */ = {
			isa = XCConfigurationList;
			buildConfigurations = (
				8AA8BDCE149CA7E500132C6B /* Debug */,
				8AA8BDCF149CA7E500132C6B /* Release */,
			);
			defaultConfigurationIsVisible = 0;
			defaultConfigurationName = Release;
		};
		8AA8BDD0149CA7E500132C6B /* Build configuration list for PBXNativeTarget "HppleTests" */ = {
			isa = XCConfigurationList;
			buildConfigurations = (
				8AA8BDD1149CA7E500132C6B /* Debug */,
				8AA8BDD2149CA7E500132C6B /* Release */,
			);
			defaultConfigurationIsVisible = 0;
			defaultConfigurationName = Release;
		};
/* End XCConfigurationList section */
	};
	rootObject = 8AA8BD97149CA7E400132C6B /* Project object */;
}
