// !$*UTF8*$!
{
	archiveVersion = 1;
	classes = {
	};
	objectVersion = 46;
	objects = {

/* Begin PBXBuildFile section */
		8AA8BDA5149CA7E400132C6B /* UIKit.framework in Frameworks */ = {isa = PBXBuildFile; fileRef = 8AA8BDA4149CA7E400132C6B /* UIKit.framework */; };
		8AA8BDA7149CA7E400132C6B /* Foundation.framework in Frameworks */ = {isa = PBXBuildFile; fileRef = 8AA8BDA6149CA7E400132C6B /* Foundation.framework */; };
		8AA8BDA9149CA7E400132C6B /* CoreGraphics.framework in Frameworks */ = {isa = PBXBuildFile; fileRef = 8AA8BDA8149CA7E400132C6B /* CoreGraphics.framework */; };
		8AA8BDAF149CA7E400132C6B /* InfoPlist.strings in Resources */ = {isa = PBXBuildFile; fileRef = 8AA8BDAD149CA7E400132C6B /* InfoPlist.strings */; };
		8AA8BDB1149CA7E400132C6B /* main.m in Sources */ = {isa = PBXBuildFile; fileRef = 8AA8BDB0149CA7E400132C6B /* main.m */; };
		8AA8BDB5149CA7E400132C6B /* AppDelegate.m in Sources */ = {isa = PBXBuildFile; fileRef = 8AA8BDB4149CA7E400132C6B /* AppDelegate.m */; };
		8AA8BDBD149CA7E500132C6B /* SenTestingKit.framework in Frameworks */ = {isa = PBXBuildFile; fileRef = 8AA8BDBC149CA7E500132C6B /* SenTestingKit.framework */; };
		8AA8BDBE149CA7E500132C6B /* UIKit.framework in Frameworks */ = {isa = PBXBuildFile; fileRef = 8AA8BDA4149CA7E400132C6B /* UIKit.framework */; };
		8AA8BDBF149CA7E500132C6B /* Foundation.framework in Frameworks */ = {isa = PBXBuildFile; fileRef = 8AA8BDA6149CA7E400132C6B /* Foundation.framework */; };
		8AA8BDC7149CA7E500132C6B /* InfoPlist.strings in Resources */ = {isa = PBXBuildFile; fileRef = 8AA8BDC5149CA7E500132C6B /* InfoPlist.strings */; };
		8AA8BDCA149CA7E500132C6B /* HppleTests.m in Sources */ = {isa = PBXBuildFile; fileRef = 8AA8BDC9149CA7E500132C6B /* HppleTests.m */; };
/* End PBXBuildFile section */

/* Begin PBXContainerItemProxy section */
		8AA8BDC0149CA7E500132C6B /* PBXContainerItemProxy */ = {
			isa = PBXContainerItemProxy;
			containerPortal = 8AA8BD97149CA7E400132C6B /* Project object */;
			proxyType = 1;
			remoteGlobalIDString = 8AA8BD9F149CA7E400132C6B;
			remoteInfo = Hpple;
		};
/* End PBXContainerItemProxy section */

/* Begin PBXFileReference section */
		8AA8BDA0149CA7E400132C6B /* Hpple.app */ = {isa = PBXFileReference; explicitFileType = wrapper.application; includeInIndex = 0; path = Hpple.app; sourceTree = BUILT_PRODUCTS_DIR; };
		8AA8BDA4149CA7E400132C6B /* UIKit.framework */ = {isa = PBXFileReference; lastKnownFileType = wrapper.framework; name = UIKit.framework; path = System/Library/Frameworks/UIKit.framework; sourceTree = SDKROOT; };
		8AA8BDA6149CA7E400132C6B /* Foundation.framework */ = {isa = PBXFileReference; lastKnownFileType = wrapper.framework; name = Foundation.framework; path = System/Library/Frameworks/Foundation.framework; sourceTree = SDKROOT; };
		8AA8BDA8149CA7E400132C6B /* CoreGraphics.framework */ = {isa = PBXFileReference; lastKnownFileType = wrapper.framework; name = CoreGraphics.framework; path = System/Library/Frameworks/CoreGraphics.framework; sourceTree = SDKROOT; };
		8AA8BDAC149CA7E400132C6B /* Hpple-Info.plist */ = {isa = PBXFileReference; lastKnownFileType = text.plist.xml; path = "Hpple-Info.plist"; sourceTree = "<group>"; };
		8AA8BDAE149CA7E400132C6B /* en */ = {isa = PBXFileReference; lastKnownFileType = text.plist.strings; name = en; path = en.lproj/InfoPlist.strings; sourceTree = "<group>"; };
		8AA8BDB0149CA7E400132C6B /* main.m */ = {isa = PBXFileReference; lastKnownFileType = sourcecode.c.objc; path = main.m; sourceTree = "<group>"; };
		8AA8BDB2149CA7E400132C6B /* Hpple-Prefix.pch */ = {isa = PBXFileReference; lastKnownFileType = sourcecode.c.h; path = "Hpple-Prefix.pch"; sourceTree = "<group>"; };
		8AA8BDB3149CA7E400132C6B /* AppDelegate.h */ = {isa = PBXFileReference; lastKnownFileType = sourcecode.c.h; path = AppDelegate.h; sourceTree = "<group>"; };
		8AA8BDB4149CA7E400132C6B /* AppDelegate.m */ = {isa = PBXFileReference; lastKnownFileType = sourcecode.c.objc; path = AppDelegate.m; sourceTree = "<group>"; };
		8AA8BDBB149CA7E500132C6B /* HppleTests.octest */ = {isa = PBXFileReference; explicitFileType = wrapper.cfbundle; includeInIndex = 0; path = HppleTests.octest; sourceTree = BUILT_PRODUCTS_DIR; };
		8AA8BDBC149CA7E500132C6B /* SenTestingKit.framework */ = {isa = PBXFileReference; lastKnownFileType = wrapper.framework; name = SenTestingKit.framework; path = Library/Frameworks/SenTestingKit.framework; sourceTree = DEVELOPER_DIR; };
		8AA8BDC4149CA7E500132C6B /* HppleTests-Info.plist */ = {isa = PBXFileReference; lastKnownFileType = text.plist.xml; path = "HppleTests-Info.plist"; sourceTree = "<group>"; };
		8AA8BDC6149CA7E500132C6B /* en */ = {isa = PBXFileReference; lastKnownFileType = text.plist.strings; name = en; path = en.lproj/InfoPlist.strings; sourceTree = "<group>"; };
		8AA8BDC8149CA7E500132C6B /* HppleTests.h */ = {isa = PBXFileReference; lastKnownFileType = sourcecode.c.h; path = HppleTests.h; sourceTree = "<group>"; };
		8AA8BDC9149CA7E500132C6B /* HppleTests.m */ = {isa = PBXFileReference; lastKnownFileType = sourcecode.c.objc; path = HppleTests.m; sourceTree = "<group>"; };
/* End PBXFileReference section */

/* Begin PBXFrameworksBuildPhase section */
		8AA8BD9D149CA7E400132C6B /* Frameworks */ = {
			isa = PBXFrameworksBuildPhase;
			buildActionMask = 2147483647;
			files = (
				8AA8BDA5149CA7E400132C6B /* UIKit.framework in Frameworks */,
				8AA8BDA7149CA7E400132C6B /* Foundation.framework in Frameworks */,
				8AA8BDA9149CA7E400132C6B /* CoreGraphics.framework in Frameworks */,
			);
			runOnlyForDeploymentPostprocessing = 0;
		};
		8AA8BDB7149CA7E500132C6B /* Frameworks */ = {
			isa = PBXFrameworksBuildPhase;
			buildActionMask = 2147483647;
			files = (
				8AA8BDBD149CA7E500132C6B /* SenTestingKit.framework in Frameworks */,
				8AA8BDBE149CA7E500132C6B /* UIKit.framework in Frameworks */,
				8AA8BDBF149CA7E500132C6B /* Foundation.framework in Frameworks */,
			);
			runOnlyForDeploymentPostprocessing = 0;
		};
/* End PBXFrameworksBuildPhase section */

/* Begin PBXGroup section */
		8AA8BD95149CA7E400132C6B = {
			isa = PBXGroup;
			children = (
				8AA8BDAA149CA7E400132C6B /* Hpple */,
				8AA8BDC2149CA7E500132C6B /* HppleTests */,
				8AA8BDA3149CA7E400132C6B /* Frameworks */,
				8AA8BDA1149CA7E400132C6B /* Products */,
			);
			sourceTree = "<group>";
		};
		8AA8BDA1149CA7E400132C6B /* Products */ = {
			isa = PBXGroup;
			children = (
				8AA8BDA0149CA7E400132C6B /* Hpple.app */,
				8AA8BDBB149CA7E500132C6B /* HppleTests.octest */,
			);
			name = Products;
			sourceTree = "<group>";
		};
		8AA8BDA3149CA7E400132C6B /* Frameworks */ = {
			isa = PBXGroup;
			children = (
				8AA8BDA4149CA7E400132C6B /* UIKit.framework */,
				8AA8BDA6149CA7E400132C6B /* Foundation.framework */,
				8AA8BDA8149CA7E400132C6B /* CoreGraphics.framework */,
				8AA8BDBC149CA7E500132C6B /* SenTestingKit.framework */,
			);
			name = Frameworks;
			sourceTree = "<group>";
		};
		8AA8BDAA149CA7E400132C6B /* Hpple */ = {
			isa = PBXGroup;
			children = (
				8AA8BDB3149CA7E400132C6B /* AppDelegate.h */,
				8AA8BDB4149CA7E400132C6B /* AppDelegate.m */,
				8AA8BDAB149CA7E400132C6B /* Supporting Files */,
			);
			path = Hpple;
			sourceTree = "<group>";
		};
		8AA8BDAB149CA7E400132C6B /* Supporting Files */ = {
			isa = PBXGroup;
			children = (
				8AA8BDAC149CA7E400132C6B /* Hpple-Info.plist */,
				8AA8BDAD149CA7E400132C6B /* InfoPlist.strings */,
				8AA8BDB0149CA7E400132C6B /* main.m */,
				8AA8BDB2149CA7E400132C6B /* Hpple-Prefix.pch */,
			);
			name = "Supporting Files";
			sourceTree = "<group>";
		};
		8AA8BDC2149CA7E500132C6B /* HppleTests */ = {
			isa = PBXGroup;
			children = (
				8AA8BDC8149CA7E500132C6B /* HppleTests.h */,
				8AA8BDC9149CA7E500132C6B /* HppleTests.m */,
				8AA8BDC3149CA7E500132C6B /* Supporting Files */,
			);
			path = HppleTests;
			sourceTree = "<group>";
		};
		8AA8BDC3149CA7E500132C6B /* Supporting Files */ = {
			isa = PBXGroup;
			children = (
				8AA8BDC4149CA7E500132C6B /* HppleTests-Info.plist */,
				8AA8BDC5149CA7E500132C6B /* InfoPlist.strings */,
			);
			name = "Supporting Files";
			sourceTree = "<group>";
		};
/* End PBXGroup section */

/* Begin PBXNativeTarget section */
		8AA8BD9F149CA7E400132C6B /* Hpple */ = {
			isa = PBXNativeTarget;
			buildConfigurationList = 8AA8BDCD149CA7E500132C6B /* Build configuration list for PBXNativeTarget "Hpple" */;
			buildPhases = (
				8AA8BD9C149CA7E400132C6B /* Sources */,
				8AA8BD9D149CA7E400132C6B /* Frameworks */,
				8AA8BD9E149CA7E400132C6B /* Resources */,
			);
			buildRules = (
			);
			dependencies = (
			);
			name = Hpple;
			productName = Hpple;
			productReference = 8AA8BDA0149CA7E400132C6B /* Hpple.app */;
			productType = "com.apple.product-type.application";
		};
		8AA8BDBA149CA7E500132C6B /* HppleTests */ = {
			isa = PBXNativeTarget;
			buildConfigurationList = 8AA8BDD0149CA7E500132C6B /* Build configuration list for PBXNativeTarget "HppleTests" */;
			buildPhases = (
				8AA8BDB6149CA7E500132C6B /* Sources */,
				8AA8BDB7149CA7E500132C6B /* Frameworks */,
				8AA8BDB8149CA7E500132C6B /* Resources */,
				8AA8BDB9149CA7E500132C6B /* ShellScript */,
			);
			buildRules = (
			);
			dependencies = (
				8AA8BDC1149CA7E500132C6B /* PBXTargetDependency */,
			);
			name = HppleTests;
			productName = HppleTests;
			productReference = 8AA8BDBB149CA7E500132C6B /* HppleTests.octest */;
			productType = "com.apple.product-type.bundle";
		};
/* End PBXNativeTarget section */

/* Begin PBXProject section */
		8AA8BD97149CA7E400132C6B /* Project object */ = {
			isa = PBXProject;
			attributes = {
				LastUpgradeCheck = 0420;
			};
			buildConfigurationList = 8AA8BD9A149CA7E400132C6B /* Build configuration list for PBXProject "Hpple" */;
			compatibilityVersion = "Xcode 3.2";
			developmentRegion = English;
			hasScannedForEncodings = 0;
			knownRegions = (
				en,
			);
			mainGroup = 8AA8BD95149CA7E400132C6B;
			productRefGroup = 8AA8BDA1149CA7E400132C6B /* Products */;
			projectDirPath = "";
			projectRoot = "";
			targets = (
				8AA8BD9F149CA7E400132C6B /* Hpple */,
				8AA8BDBA149CA7E500132C6B /* HppleTests */,
			);
		};
/* End PBXProject section */

/* Begin PBXResourcesBuildPhase section */
		8AA8BD9E149CA7E400132C6B /* Resources */ = {
			isa = PBXResourcesBuildPhase;
			buildActionMask = 2147483647;
			files = (
				8AA8BDAF149CA7E400132C6B /* InfoPlist.strings in Resources */,
			);
			runOnlyForDeploymentPostprocessing = 0;
		};
		8AA8BDB8149CA7E500132C6B /* Resources */ = {
			isa = PBXResourcesBuildPhase;
			buildActionMask = 2147483647;
			files = (
				8AA8BDC7149CA7E500132C6B /* InfoPlist.strings in Resources */,
			);
			runOnlyForDeploymentPostprocessing = 0;
		};
/* End PBXResourcesBuildPhase section */

/* Begin PBXShellScriptBuildPhase section */
		8AA8BDB9149CA7E500132C6B /* ShellScript */ = {
			isa = PBXShellScriptBuildPhase;
			buildActionMask = 2147483647;
			files = (
			);
			inputPaths = (
			);
			outputPaths = (
			);
			runOnlyForDeploymentPostprocessing = 0;
			shellPath = /bin/sh;
			shellScript = "# Run the unit tests in this test bundle.\n\"${SYSTEM_DEVELOPER_DIR}/Tools/RunUnitTests\"\n";
		};
/* End PBXShellScriptBuildPhase section */

/* Begin PBXSourcesBuildPhase section */
		8AA8BD9C149CA7E400132C6B /* Sources */ = {
			isa = PBXSourcesBuildPhase;
			buildActionMask = 2147483647;
			files = (
				8AA8BDB1149CA7E400132C6B /* main.m in Sources */,
				8AA8BDB5149CA7E400132C6B /* AppDelegate.m in Sources */,
			);
			runOnlyForDeploymentPostprocessing = 0;
		};
		8AA8BDB6149CA7E500132C6B /* Sources */ = {
			isa = PBXSourcesBuildPhase;
			buildActionMask = 2147483647;
			files = (
				8AA8BDCA149CA7E500132C6B /* HppleTests.m in Sources */,
			);
			runOnlyForDeploymentPostprocessing = 0;
		};
/* End PBXSourcesBuildPhase section */

/* Begin PBXTargetDependency section */
		8AA8BDC1149CA7E500132C6B /* PBXTargetDependency */ = {
			isa = PBXTargetDependency;
			target = 8AA8BD9F149CA7E400132C6B /* Hpple */;
			targetProxy = 8AA8BDC0149CA7E500132C6B /* PBXContainerItemProxy */;
		};
/* End PBXTargetDependency section */

/* Begin PBXVariantGroup section */
		8AA8BDAD149CA7E400132C6B /* InfoPlist.strings */ = {
			isa = PBXVariantGroup;
			children = (
				8AA8BDAE149CA7E400132C6B /* en */,
			);
			name = InfoPlist.strings;
			sourceTree = "<group>";
		};
		8AA8BDC5149CA7E500132C6B /* InfoPlist.strings */ = {
			isa = PBXVariantGroup;
			children = (
				8AA8BDC6149CA7E500132C6B /* en */,
			);
			name = InfoPlist.strings;
			sourceTree = "<group>";
		};
/* End PBXVariantGroup section */

/* Begin XCBuildConfiguration section */
		8AA8BDCB149CA7E500132C6B /* Debug */ = {
			isa = XCBuildConfiguration;
			buildSettings = {
				ALWAYS_SEARCH_USER_PATHS = NO;
				ARCHS = "$(ARCHS_STANDARD_32_BIT)";
				"CODE_SIGN_IDENTITY[sdk=iphoneos*]" = "iPhone Developer";
				COPY_PHASE_STRIP = NO;
				GCC_C_LANGUAGE_STANDARD = gnu99;
				GCC_DYNAMIC_NO_PIC = NO;
				GCC_OPTIMIZATION_LEVEL = 0;
				GCC_PREPROCESSOR_DEFINITIONS = (
					"DEBUG=1",
					"$(inherited)",
				);
				GCC_SYMBOLS_PRIVATE_EXTERN = NO;
				GCC_VERSION = com.apple.compilers.llvm.clang.1_0;
				GCC_WARN_ABOUT_MISSING_PROTOTYPES = YES;
				GCC_WARN_ABOUT_RETURN_TYPE = YES;
				GCC_WARN_UNUSED_VARIABLE = YES;
				IPHONEOS_DEPLOYMENT_TARGET = 5.0;
				SDKROOT = iphoneos;
			};
			name = Debug;
		};
		8AA8BDCC149CA7E500132C6B /* Release */ = {
			isa = XCBuildConfiguration;
			buildSettings = {
				ALWAYS_SEARCH_USER_PATHS = NO;
				ARCHS = "$(ARCHS_STANDARD_32_BIT)";
				"CODE_SIGN_IDENTITY[sdk=iphoneos*]" = "iPhone Developer";
				COPY_PHASE_STRIP = YES;
				GCC_C_LANGUAGE_STANDARD = gnu99;
				GCC_VERSION = com.apple.compilers.llvm.clang.1_0;
				GCC_WARN_ABOUT_MISSING_PROTOTYPES = YES;
				GCC_WARN_ABOUT_RETURN_TYPE = YES;
				GCC_WARN_UNUSED_VARIABLE = YES;
				IPHONEOS_DEPLOYMENT_TARGET = 5.0;
				OTHER_CFLAGS = "-DNS_BLOCK_ASSERTIONS=1";
				SDKROOT = iphoneos;
				VALIDATE_PRODUCT = YES;
			};
			name = Release;
		};
		8AA8BDCE149CA7E500132C6B /* Debug */ = {
			isa = XCBuildConfiguration;
			buildSettings = {
				GCC_PRECOMPILE_PREFIX_HEADER = YES;
				GCC_PREFIX_HEADER = "Hpple/Hpple-Prefix.pch";
				INFOPLIST_FILE = "Hpple/Hpple-Info.plist";
				PRODUCT_NAME = "$(TARGET_NAME)";
				WRAPPER_EXTENSION = app;
			};
			name = Debug;
		};
		8AA8BDCF149CA7E500132C6B /* Release */ = {
			isa = XCBuildConfiguration;
			buildSettings = {
				GCC_PRECOMPILE_PREFIX_HEADER = YES;
				GCC_PREFIX_HEADER = "Hpple/Hpple-Prefix.pch";
				INFOPLIST_FILE = "Hpple/Hpple-Info.plist";
				PRODUCT_NAME = "$(TARGET_NAME)";
				WRAPPER_EXTENSION = app;
			};
			name = Release;
		};
		8AA8BDD1149CA7E500132C6B /* Debug */ = {
			isa = XCBuildConfiguration;
			buildSettings = {
				BUNDLE_LOADER = "$(BUILT_PRODUCTS_DIR)/Hpple.app/Hpple";
				FRAMEWORK_SEARCH_PATHS = (
					"$(SDKROOT)/Developer/Library/Frameworks",
					"$(DEVELOPER_LIBRARY_DIR)/Frameworks",
				);
				GCC_PRECOMPILE_PREFIX_HEADER = YES;
				GCC_PREFIX_HEADER = "Hpple/Hpple-Prefix.pch";
				INFOPLIST_FILE = "HppleTests/HppleTests-Info.plist";
				PRODUCT_NAME = "$(TARGET_NAME)";
				TEST_HOST = "$(BUNDLE_LOADER)";
				WRAPPER_EXTENSION = octest;
			};
			name = Debug;
		};
		8AA8BDD2149CA7E500132C6B /* Release */ = {
			isa = XCBuildConfiguration;
			buildSettings = {
				BUNDLE_LOADER = "$(BUILT_PRODUCTS_DIR)/Hpple.app/Hpple";
				FRAMEWORK_SEARCH_PATHS = (
					"$(SDKROOT)/Developer/Library/Frameworks",
					"$(DEVELOPER_LIBRARY_DIR)/Frameworks",
				);
				GCC_PRECOMPILE_PREFIX_HEADER = YES;
				GCC_PREFIX_HEADER = "Hpple/Hpple-Prefix.pch";
				INFOPLIST_FILE = "HppleTests/HppleTests-Info.plist";
				PRODUCT_NAME = "$(TARGET_NAME)";
				TEST_HOST = "$(BUNDLE_LOADER)";
				WRAPPER_EXTENSION = octest;
			};
			name = Release;
		};
/* End XCBuildConfiguration section */

/* Begin XCConfigurationList section */
		8AA8BD9A149CA7E400132C6B /* Build configuration list for PBXProject "Hpple" */ = {
			isa = XCConfigurationList;
			buildConfigurations = (
				8AA8BDCB149CA7E500132C6B /* Debug */,
				8AA8BDCC149CA7E500132C6B /* Release */,
			);
			defaultConfigurationIsVisible = 0;
			defaultConfigurationName = Release;
		};
		8AA8BDCD149CA7E500132C6B /* Build configuration list for PBXNativeTarget "Hpple" */ = {
			isa = XCConfigurationList;
			buildConfigurations = (
				8AA8BDCE149CA7E500132C6B /* Debug */,
				8AA8BDCF149CA7E500132C6B /* Release */,
			);
			defaultConfigurationIsVisible = 0;
		};
		8AA8BDD0149CA7E500132C6B /* Build configuration list for PBXNativeTarget "HppleTests" */ = {
			isa = XCConfigurationList;
			buildConfigurations = (
				8AA8BDD1149CA7E500132C6B /* Debug */,
				8AA8BDD2149CA7E500132C6B /* Release */,
			);
			defaultConfigurationIsVisible = 0;
		};
/* End XCConfigurationList section */
	};
	rootObject = 8AA8BD97149CA7E400132C6B /* Project object */;
}
